
Microsoft Visual Studio Solution File, Format Version 12.00
# Visual Studio Version 16
VisualStudioVersion = 16.0.29806.167
MinimumVisualStudioVersion = 10.0.40219.1
Project("{FAE04EC0-301F-11D3-BF4B-00C04F79EFBC}") = "Time machine", "Time machine\Time machine.csproj", "{769C3026-1BE4-430B-8573-588A1682D762}"
EndProject
Global
	GlobalSection(SolutionConfigurationPlatforms) = preSolution
		Debug|Any CPU = Debug|Any CPU
		Release|Any CPU = Release|Any CPU
	EndGlobalSection
	GlobalSection(ProjectConfigurationPlatforms) = postSolution
		{769C3026-1BE4-430B-8573-588A1682D762}.Debug|Any CPU.ActiveCfg = Debug|Any CPU
		{769C3026-1BE4-430B-8573-588A1682D762}.Debug|Any CPU.Build.0 = Debug|Any CPU
		{769C3026-1BE4-430B-8573-588A1682D762}.Release|Any CPU.ActiveCfg = Release|Any CPU
		{769C3026-1BE4-430B-8573-588A1682D762}.Release|Any CPU.Build.0 = Release|Any CPU
	EndGlobalSection
	GlobalSection(SolutionProperties) = preSolution
		HideSolutionNode = FALSE
	EndGlobalSection
	GlobalSection(ExtensibilityGlobals) = postSolution
		SolutionGuid = {2F861826-A034-4BCF-8CE5-CDD498D5D490}
	EndGlobalSection
EndGlobal
